// !$*UTF8*$!
{
	archiveVersion = 1;
	classes = {
	};
	objectVersion = 50;
	objects = {

/* Begin PBXBuildFile section */
		B9890B5426F3A4BC00CECF45 /* BookListPresenter.swift in Sources */ = {isa = PBXBuildFile; fileRef = B9890B5326F3A4BC00CECF45 /* BookListPresenter.swift */; };
		B9890B5826F3C5BB00CECF45 /* ShadowView.swift in Sources */ = {isa = PBXBuildFile; fileRef = B9890B5726F3C5BB00CECF45 /* ShadowView.swift */; };
		B9890B5A26F3C5EF00CECF45 /* TheTheme.swift in Sources */ = {isa = PBXBuildFile; fileRef = B9890B5926F3C5EF00CECF45 /* TheTheme.swift */; };
		B9890B5C26F3CC7600CECF45 /* BadgeView.swift in Sources */ = {isa = PBXBuildFile; fileRef = B9890B5B26F3CC7600CECF45 /* BadgeView.swift */; };
		B9890B6026F4926200CECF45 /* String+Ext.swift in Sources */ = {isa = PBXBuildFile; fileRef = B9890B5F26F4926200CECF45 /* String+Ext.swift */; };
		B9890B6226F4979600CECF45 /* URLSessionProtocol.swift in Sources */ = {isa = PBXBuildFile; fileRef = B9890B6126F4979600CECF45 /* URLSessionProtocol.swift */; };
		B9890B6426F497C000CECF45 /* HTTPClientProtocol.swift in Sources */ = {isa = PBXBuildFile; fileRef = B9890B6326F497C000CECF45 /* HTTPClientProtocol.swift */; };
		B9890B6726F51A4800CECF45 /* LoginViewController.swift in Sources */ = {isa = PBXBuildFile; fileRef = B9890B6626F51A4800CECF45 /* LoginViewController.swift */; };
		B9890B6B26F51B6600CECF45 /* LoginPageViewModel.swift in Sources */ = {isa = PBXBuildFile; fileRef = B9890B6A26F51B6600CECF45 /* LoginPageViewModel.swift */; };
		B9890B6E26F522F100CECF45 /* LoginManager.swift in Sources */ = {isa = PBXBuildFile; fileRef = B9890B6D26F522F100CECF45 /* LoginManager.swift */; };
		B9890B7026F52ADC00CECF45 /* UIViewController+Ext.swift in Sources */ = {isa = PBXBuildFile; fileRef = B9890B6F26F52ADC00CECF45 /* UIViewController+Ext.swift */; };
		B9890B7526F5C57D00CECF45 /* UIAlertAction+Ext.swift in Sources */ = {isa = PBXBuildFile; fileRef = B9890B7426F5C57D00CECF45 /* UIAlertAction+Ext.swift */; };
		B9890B7726F744C400CECF45 /* SceneDelegate.swift in Sources */ = {isa = PBXBuildFile; fileRef = B9890B7626F744C400CECF45 /* SceneDelegate.swift */; };
		B9890B7B26F77A9300CECF45 /* BreedProviderTest.swift in Sources */ = {isa = PBXBuildFile; fileRef = B9890B7926F77A9300CECF45 /* BreedProviderTest.swift */; };
		B9890B7C26F77A9300CECF45 /* HTTPClientTest.swift in Sources */ = {isa = PBXBuildFile; fileRef = B9890B7A26F77A9300CECF45 /* HTTPClientTest.swift */; };
		B9890B7F26F77A9C00CECF45 /* Books.json in Resources */ = {isa = PBXBuildFile; fileRef = B9890B7E26F77A9C00CECF45 /* Books.json */; };
		B9890B8626F77AA800CECF45 /* HTTPTestClient.swift in Sources */ = {isa = PBXBuildFile; fileRef = B9890B8126F77AA800CECF45 /* HTTPTestClient.swift */; };
		B9890B8826F77AA800CECF45 /* MockURLSession.swift in Sources */ = {isa = PBXBuildFile; fileRef = B9890B8326F77AA800CECF45 /* MockURLSession.swift */; };
		B9890B8926F77AA800CECF45 /* MockURLSessionDataTask.swift in Sources */ = {isa = PBXBuildFile; fileRef = B9890B8426F77AA800CECF45 /* MockURLSessionDataTask.swift */; };
		B9890B8A26F77AA800CECF45 /* MockHTTPRequest.swift in Sources */ = {isa = PBXBuildFile; fileRef = B9890B8526F77AA800CECF45 /* MockHTTPRequest.swift */; };
		B9BAF72826F120A800F80E54 /* AppDelegate.swift in Sources */ = {isa = PBXBuildFile; fileRef = B9BAF72726F120A800F80E54 /* AppDelegate.swift */; };
		B9BAF73126F120AB00F80E54 /* Assets.xcassets in Resources */ = {isa = PBXBuildFile; fileRef = B9BAF73026F120AB00F80E54 /* Assets.xcassets */; };
		B9BAF73426F120AB00F80E54 /* LaunchScreen.storyboard in Resources */ = {isa = PBXBuildFile; fileRef = B9BAF73226F120AB00F80E54 /* LaunchScreen.storyboard */; };
		B9BAF73F26F120AB00F80E54 /* NewYorkTimesListTests.swift in Sources */ = {isa = PBXBuildFile; fileRef = B9BAF73E26F120AB00F80E54 /* NewYorkTimesListTests.swift */; };
		B9BAF74A26F120AB00F80E54 /* NewYorkTimesListUITests.swift in Sources */ = {isa = PBXBuildFile; fileRef = B9BAF74926F120AB00F80E54 /* NewYorkTimesListUITests.swift */; };
		B9BAF75A26F1228F00F80E54 /* HTTPClient.swift in Sources */ = {isa = PBXBuildFile; fileRef = B9BAF75926F1228F00F80E54 /* HTTPClient.swift */; };
		B9BAF75D26F122C400F80E54 /* Bundle+Ext.swift in Sources */ = {isa = PBXBuildFile; fileRef = B9BAF75C26F122C400F80E54 /* Bundle+Ext.swift */; };
		B9BAF76026F124E600F80E54 /* keys.plist in Resources */ = {isa = PBXBuildFile; fileRef = B9BAF75F26F124E600F80E54 /* keys.plist */; };
		B9BAF76226F1298000F80E54 /* Book.swift in Sources */ = {isa = PBXBuildFile; fileRef = B9BAF76126F1298000F80E54 /* Book.swift */; };
		B9BAF76426F12A9000F80E54 /* APIModel.swift in Sources */ = {isa = PBXBuildFile; fileRef = B9BAF76326F12A9000F80E54 /* APIModel.swift */; };
		B9BAF76826F12B5400F80E54 /* BookListViewController.swift in Sources */ = {isa = PBXBuildFile; fileRef = B9BAF76726F12B5400F80E54 /* BookListViewController.swift */; };
		B9BAF76A26F12EEE00F80E54 /* TableView+Ext.swift in Sources */ = {isa = PBXBuildFile; fileRef = B9BAF76926F12EEE00F80E54 /* TableView+Ext.swift */; };
		B9BAF76E26F130EE00F80E54 /* ListBookCell.swift in Sources */ = {isa = PBXBuildFile; fileRef = B9BAF76D26F130EE00F80E54 /* ListBookCell.swift */; };
		B9BAF77026F1322000F80E54 /* BookProvider.swift in Sources */ = {isa = PBXBuildFile; fileRef = B9BAF76F26F1322000F80E54 /* BookProvider.swift */; };
		B9BAF77226F1324C00F80E54 /* BookRequest.swift in Sources */ = {isa = PBXBuildFile; fileRef = B9BAF77126F1324C00F80E54 /* BookRequest.swift */; };
		B9BAF77426F1329700F80E54 /* APIContent.swift in Sources */ = {isa = PBXBuildFile; fileRef = B9BAF77326F1329700F80E54 /* APIContent.swift */; };
/* End PBXBuildFile section */

/* Begin PBXContainerItemProxy section */
		B9BAF73B26F120AB00F80E54 /* PBXContainerItemProxy */ = {
			isa = PBXContainerItemProxy;
			containerPortal = B9BAF71C26F120A800F80E54 /* Project object */;
			proxyType = 1;
			remoteGlobalIDString = B9BAF72326F120A800F80E54;
			remoteInfo = NewYorkTimesList;
		};
		B9BAF74626F120AB00F80E54 /* PBXContainerItemProxy */ = {
			isa = PBXContainerItemProxy;
			containerPortal = B9BAF71C26F120A800F80E54 /* Project object */;
			proxyType = 1;
			remoteGlobalIDString = B9BAF72326F120A800F80E54;
			remoteInfo = NewYorkTimesList;
		};
/* End PBXContainerItemProxy section */

/* Begin PBXFileReference section */
		B9890B5326F3A4BC00CECF45 /* BookListPresenter.swift */ = {isa = PBXFileReference; lastKnownFileType = sourcecode.swift; path = BookListPresenter.swift; sourceTree = "<group>"; };
		B9890B5726F3C5BB00CECF45 /* ShadowView.swift */ = {isa = PBXFileReference; lastKnownFileType = sourcecode.swift; name = ShadowView.swift; path = ../../../../../../ShadowView.swift; sourceTree = "<group>"; };
		B9890B5926F3C5EF00CECF45 /* TheTheme.swift */ = {isa = PBXFileReference; lastKnownFileType = sourcecode.swift; path = TheTheme.swift; sourceTree = "<group>"; };
		B9890B5B26F3CC7600CECF45 /* BadgeView.swift */ = {isa = PBXFileReference; lastKnownFileType = sourcecode.swift; path = BadgeView.swift; sourceTree = "<group>"; };
		B9890B5F26F4926200CECF45 /* String+Ext.swift */ = {isa = PBXFileReference; lastKnownFileType = sourcecode.swift; path = "String+Ext.swift"; sourceTree = "<group>"; };
		B9890B6126F4979600CECF45 /* URLSessionProtocol.swift */ = {isa = PBXFileReference; lastKnownFileType = sourcecode.swift; path = URLSessionProtocol.swift; sourceTree = "<group>"; };
		B9890B6326F497C000CECF45 /* HTTPClientProtocol.swift */ = {isa = PBXFileReference; lastKnownFileType = sourcecode.swift; path = HTTPClientProtocol.swift; sourceTree = "<group>"; };
		B9890B6626F51A4800CECF45 /* LoginViewController.swift */ = {isa = PBXFileReference; lastKnownFileType = sourcecode.swift; path = LoginViewController.swift; sourceTree = "<group>"; };
		B9890B6A26F51B6600CECF45 /* LoginPageViewModel.swift */ = {isa = PBXFileReference; lastKnownFileType = sourcecode.swift; path = LoginPageViewModel.swift; sourceTree = "<group>"; };
		B9890B6D26F522F100CECF45 /* LoginManager.swift */ = {isa = PBXFileReference; lastKnownFileType = sourcecode.swift; path = LoginManager.swift; sourceTree = "<group>"; };
		B9890B6F26F52ADC00CECF45 /* UIViewController+Ext.swift */ = {isa = PBXFileReference; lastKnownFileType = sourcecode.swift; path = "UIViewController+Ext.swift"; sourceTree = "<group>"; };
		B9890B7426F5C57D00CECF45 /* UIAlertAction+Ext.swift */ = {isa = PBXFileReference; lastKnownFileType = sourcecode.swift; path = "UIAlertAction+Ext.swift"; sourceTree = "<group>"; };
		B9890B7626F744C400CECF45 /* SceneDelegate.swift */ = {isa = PBXFileReference; fileEncoding = 4; lastKnownFileType = sourcecode.swift; path = SceneDelegate.swift; sourceTree = "<group>"; };
		B9890B7926F77A9300CECF45 /* BreedProviderTest.swift */ = {isa = PBXFileReference; fileEncoding = 4; lastKnownFileType = sourcecode.swift; path = BreedProviderTest.swift; sourceTree = "<group>"; };
		B9890B7A26F77A9300CECF45 /* HTTPClientTest.swift */ = {isa = PBXFileReference; fileEncoding = 4; lastKnownFileType = sourcecode.swift; path = HTTPClientTest.swift; sourceTree = "<group>"; };
		B9890B7E26F77A9C00CECF45 /* Books.json */ = {isa = PBXFileReference; fileEncoding = 4; lastKnownFileType = text.json; path = Books.json; sourceTree = "<group>"; };
		B9890B8126F77AA800CECF45 /* HTTPTestClient.swift */ = {isa = PBXFileReference; fileEncoding = 4; lastKnownFileType = sourcecode.swift; path = HTTPTestClient.swift; sourceTree = "<group>"; };
		B9890B8326F77AA800CECF45 /* MockURLSession.swift */ = {isa = PBXFileReference; fileEncoding = 4; lastKnownFileType = sourcecode.swift; path = MockURLSession.swift; sourceTree = "<group>"; };
		B9890B8426F77AA800CECF45 /* MockURLSessionDataTask.swift */ = {isa = PBXFileReference; fileEncoding = 4; lastKnownFileType = sourcecode.swift; path = MockURLSessionDataTask.swift; sourceTree = "<group>"; };
		B9890B8526F77AA800CECF45 /* MockHTTPRequest.swift */ = {isa = PBXFileReference; fileEncoding = 4; lastKnownFileType = sourcecode.swift; path = MockHTTPRequest.swift; sourceTree = "<group>"; };
		B9BAF72426F120A800F80E54 /* NewYorkTimesList.app */ = {isa = PBXFileReference; explicitFileType = wrapper.application; includeInIndex = 0; path = NewYorkTimesList.app; sourceTree = BUILT_PRODUCTS_DIR; };
		B9BAF72726F120A800F80E54 /* AppDelegate.swift */ = {isa = PBXFileReference; lastKnownFileType = sourcecode.swift; path = AppDelegate.swift; sourceTree = "<group>"; };
		B9BAF73026F120AB00F80E54 /* Assets.xcassets */ = {isa = PBXFileReference; lastKnownFileType = folder.assetcatalog; path = Assets.xcassets; sourceTree = "<group>"; };
		B9BAF73326F120AB00F80E54 /* Base */ = {isa = PBXFileReference; lastKnownFileType = file.storyboard; name = Base; path = Base.lproj/LaunchScreen.storyboard; sourceTree = "<group>"; };
		B9BAF73526F120AB00F80E54 /* Info.plist */ = {isa = PBXFileReference; lastKnownFileType = text.plist.xml; name = Info.plist; path = "NewYorkTimesList/Supporting Files/Info.plist"; sourceTree = SOURCE_ROOT; };
		B9BAF73A26F120AB00F80E54 /* NewYorkTimesListTests.xctest */ = {isa = PBXFileReference; explicitFileType = wrapper.cfbundle; includeInIndex = 0; path = NewYorkTimesListTests.xctest; sourceTree = BUILT_PRODUCTS_DIR; };
		B9BAF73E26F120AB00F80E54 /* NewYorkTimesListTests.swift */ = {isa = PBXFileReference; lastKnownFileType = sourcecode.swift; path = NewYorkTimesListTests.swift; sourceTree = "<group>"; };
		B9BAF74026F120AB00F80E54 /* Info.plist */ = {isa = PBXFileReference; lastKnownFileType = text.plist.xml; path = Info.plist; sourceTree = "<group>"; };
		B9BAF74526F120AB00F80E54 /* NewYorkTimesListUITests.xctest */ = {isa = PBXFileReference; explicitFileType = wrapper.cfbundle; includeInIndex = 0; path = NewYorkTimesListUITests.xctest; sourceTree = BUILT_PRODUCTS_DIR; };
		B9BAF74926F120AB00F80E54 /* NewYorkTimesListUITests.swift */ = {isa = PBXFileReference; lastKnownFileType = sourcecode.swift; path = NewYorkTimesListUITests.swift; sourceTree = "<group>"; };
		B9BAF74B26F120AB00F80E54 /* Info.plist */ = {isa = PBXFileReference; lastKnownFileType = text.plist.xml; path = Info.plist; sourceTree = "<group>"; };
		B9BAF75926F1228F00F80E54 /* HTTPClient.swift */ = {isa = PBXFileReference; lastKnownFileType = sourcecode.swift; path = HTTPClient.swift; sourceTree = "<group>"; };
		B9BAF75C26F122C400F80E54 /* Bundle+Ext.swift */ = {isa = PBXFileReference; lastKnownFileType = sourcecode.swift; path = "Bundle+Ext.swift"; sourceTree = "<group>"; };
		B9BAF75F26F124E600F80E54 /* keys.plist */ = {isa = PBXFileReference; fileEncoding = 4; lastKnownFileType = text.plist.xml; name = keys.plist; path = "NewYorkTimesList/Supporting Files/keys.plist"; sourceTree = SOURCE_ROOT; };
		B9BAF76126F1298000F80E54 /* Book.swift */ = {isa = PBXFileReference; lastKnownFileType = sourcecode.swift; path = Book.swift; sourceTree = "<group>"; };
		B9BAF76326F12A9000F80E54 /* APIModel.swift */ = {isa = PBXFileReference; lastKnownFileType = sourcecode.swift; path = APIModel.swift; sourceTree = "<group>"; };
		B9BAF76726F12B5400F80E54 /* BookListViewController.swift */ = {isa = PBXFileReference; lastKnownFileType = sourcecode.swift; path = BookListViewController.swift; sourceTree = "<group>"; };
		B9BAF76926F12EEE00F80E54 /* TableView+Ext.swift */ = {isa = PBXFileReference; lastKnownFileType = sourcecode.swift; path = "TableView+Ext.swift"; sourceTree = "<group>"; };
		B9BAF76D26F130EE00F80E54 /* ListBookCell.swift */ = {isa = PBXFileReference; lastKnownFileType = sourcecode.swift; path = ListBookCell.swift; sourceTree = "<group>"; };
		B9BAF76F26F1322000F80E54 /* BookProvider.swift */ = {isa = PBXFileReference; lastKnownFileType = sourcecode.swift; path = BookProvider.swift; sourceTree = "<group>"; };
		B9BAF77126F1324C00F80E54 /* BookRequest.swift */ = {isa = PBXFileReference; lastKnownFileType = sourcecode.swift; path = BookRequest.swift; sourceTree = "<group>"; };
		B9BAF77326F1329700F80E54 /* APIContent.swift */ = {isa = PBXFileReference; lastKnownFileType = sourcecode.swift; path = APIContent.swift; sourceTree = "<group>"; };
/* End PBXFileReference section */

/* Begin PBXFrameworksBuildPhase section */
		B9BAF72126F120A800F80E54 /* Frameworks */ = {
			isa = PBXFrameworksBuildPhase;
			buildActionMask = 2147483647;
			files = (
			);
			runOnlyForDeploymentPostprocessing = 0;
		};
		B9BAF73726F120AB00F80E54 /* Frameworks */ = {
			isa = PBXFrameworksBuildPhase;
			buildActionMask = 2147483647;
			files = (
			);
			runOnlyForDeploymentPostprocessing = 0;
		};
		B9BAF74226F120AB00F80E54 /* Frameworks */ = {
			isa = PBXFrameworksBuildPhase;
			buildActionMask = 2147483647;
			files = (
			);
			runOnlyForDeploymentPostprocessing = 0;
		};
/* End PBXFrameworksBuildPhase section */

/* Begin PBXGroup section */
		B9890B5226F3A25100CECF45 /* Supporting Files */ = {
			isa = PBXGroup;
			children = (
				B9BAF73226F120AB00F80E54 /* LaunchScreen.storyboard */,
				B9BAF75F26F124E600F80E54 /* keys.plist */,
				B9BAF73526F120AB00F80E54 /* Info.plist */,
			);
			path = "Supporting Files";
			sourceTree = "<group>";
		};
		B9890B5526F3C57A00CECF45 /* View */ = {
			isa = PBXGroup;
			children = (
				B9890B5626F3C58400CECF45 /* Component */,
				B9890B5926F3C5EF00CECF45 /* TheTheme.swift */,
			);
			path = View;
			sourceTree = "<group>";
		};
		B9890B5626F3C58400CECF45 /* Component */ = {
			isa = PBXGroup;
			children = (
				B9890B5726F3C5BB00CECF45 /* ShadowView.swift */,
				B9890B5B26F3CC7600CECF45 /* BadgeView.swift */,
			);
			path = Component;
			sourceTree = "<group>";
		};
		B9890B6526F51A0B00CECF45 /* LoginPage */ = {
			isa = PBXGroup;
			children = (
				B9890B6C26F5226200CECF45 /* Model */,
				B9890B6926F51B4E00CECF45 /* ViewModel */,
				B9890B6826F51A5000CECF45 /* Controller */,
			);
			path = LoginPage;
			sourceTree = "<group>";
		};
		B9890B6826F51A5000CECF45 /* Controller */ = {
			isa = PBXGroup;
			children = (
				B9890B6626F51A4800CECF45 /* LoginViewController.swift */,
			);
			path = Controller;
			sourceTree = "<group>";
		};
		B9890B6926F51B4E00CECF45 /* ViewModel */ = {
			isa = PBXGroup;
			children = (
				B9890B6A26F51B6600CECF45 /* LoginPageViewModel.swift */,
			);
			path = ViewModel;
			sourceTree = "<group>";
		};
		B9890B6C26F5226200CECF45 /* Model */ = {
			isa = PBXGroup;
			children = (
				B9890B6D26F522F100CECF45 /* LoginManager.swift */,
			);
			path = Model;
			sourceTree = "<group>";
		};
		B9890B7826F77A9300CECF45 /* APITest */ = {
			isa = PBXGroup;
			children = (
				B9890B7A26F77A9300CECF45 /* HTTPClientTest.swift */,
				B9890B7926F77A9300CECF45 /* BreedProviderTest.swift */,
			);
			path = APITest;
			sourceTree = "<group>";
		};
		B9890B7D26F77A9C00CECF45 /* FakeData */ = {
			isa = PBXGroup;
			children = (
				B9890B7E26F77A9C00CECF45 /* Books.json */,
			);
			path = FakeData;
			sourceTree = "<group>";
		};
		B9890B8026F77AA800CECF45 /* MockClass */ = {
			isa = PBXGroup;
			children = (
				B9890B8126F77AA800CECF45 /* HTTPTestClient.swift */,
				B9890B8326F77AA800CECF45 /* MockURLSession.swift */,
				B9890B8426F77AA800CECF45 /* MockURLSessionDataTask.swift */,
				B9890B8526F77AA800CECF45 /* MockHTTPRequest.swift */,
			);
			path = MockClass;
			sourceTree = "<group>";
		};
		B9BAF71B26F120A800F80E54 = {
			isa = PBXGroup;
			children = (
				B9BAF72626F120A800F80E54 /* NewYorkTimesList */,
				B9BAF73D26F120AB00F80E54 /* NewYorkTimesListTests */,
				B9BAF74826F120AB00F80E54 /* NewYorkTimesListUITests */,
				B9BAF72526F120A800F80E54 /* Products */,
			);
			sourceTree = "<group>";
		};
		B9BAF72526F120A800F80E54 /* Products */ = {
			isa = PBXGroup;
			children = (
				B9BAF72426F120A800F80E54 /* NewYorkTimesList.app */,
				B9BAF73A26F120AB00F80E54 /* NewYorkTimesListTests.xctest */,
				B9BAF74526F120AB00F80E54 /* NewYorkTimesListUITests.xctest */,
			);
			name = Products;
			sourceTree = "<group>";
		};
		B9BAF72626F120A800F80E54 /* NewYorkTimesList */ = {
			isa = PBXGroup;
			children = (
				B9BAF75B26F122AE00F80E54 /* Extenstion */,
				B9BAF75726F1226A00F80E54 /* Model */,
				B9890B5526F3C57A00CECF45 /* View */,
				B9BAF76C26F130BF00F80E54 /* ListPage */,
				B9890B6526F51A0B00CECF45 /* LoginPage */,
				B9BAF72726F120A800F80E54 /* AppDelegate.swift */,
				B9890B7626F744C400CECF45 /* SceneDelegate.swift */,
				B9BAF73026F120AB00F80E54 /* Assets.xcassets */,
				B9890B5226F3A25100CECF45 /* Supporting Files */,
			);
			path = NewYorkTimesList;
			sourceTree = "<group>";
		};
		B9BAF73D26F120AB00F80E54 /* NewYorkTimesListTests */ = {
			isa = PBXGroup;
			children = (
				B9890B7D26F77A9C00CECF45 /* FakeData */,
				B9890B8026F77AA800CECF45 /* MockClass */,
				B9890B7826F77A9300CECF45 /* APITest */,
				B9BAF73E26F120AB00F80E54 /* NewYorkTimesListTests.swift */,
				B9BAF74026F120AB00F80E54 /* Info.plist */,
			);
			path = NewYorkTimesListTests;
			sourceTree = "<group>";
		};
		B9BAF74826F120AB00F80E54 /* NewYorkTimesListUITests */ = {
			isa = PBXGroup;
			children = (
				B9BAF74926F120AB00F80E54 /* NewYorkTimesListUITests.swift */,
				B9BAF74B26F120AB00F80E54 /* Info.plist */,
			);
			path = NewYorkTimesListUITests;
			sourceTree = "<group>";
		};
		B9BAF75726F1226A00F80E54 /* Model */ = {
			isa = PBXGroup;
			children = (
				B9BAF75E26F123B200F80E54 /* API */,
				B9BAF75826F1227100F80E54 /* HTTP */,
			);
			path = Model;
			sourceTree = "<group>";
		};
		B9BAF75826F1227100F80E54 /* HTTP */ = {
			isa = PBXGroup;
			children = (
				B9890B6126F4979600CECF45 /* URLSessionProtocol.swift */,
				B9BAF75926F1228F00F80E54 /* HTTPClient.swift */,
				B9890B6326F497C000CECF45 /* HTTPClientProtocol.swift */,
			);
			path = HTTP;
			sourceTree = "<group>";
		};
		B9BAF75B26F122AE00F80E54 /* Extenstion */ = {
			isa = PBXGroup;
			children = (
				B9BAF75C26F122C400F80E54 /* Bundle+Ext.swift */,
				B9BAF76926F12EEE00F80E54 /* TableView+Ext.swift */,
				B9890B5F26F4926200CECF45 /* String+Ext.swift */,
				B9890B6F26F52ADC00CECF45 /* UIViewController+Ext.swift */,
				B9890B7426F5C57D00CECF45 /* UIAlertAction+Ext.swift */,
			);
			path = Extenstion;
			sourceTree = "<group>";
		};
		B9BAF75E26F123B200F80E54 /* API */ = {
			isa = PBXGroup;
			children = (
				B9BAF77526F1387900F80E54 /* Book */,
				B9BAF77326F1329700F80E54 /* APIContent.swift */,
				B9BAF76326F12A9000F80E54 /* APIModel.swift */,
			);
			path = API;
			sourceTree = "<group>";
		};
		B9BAF76526F12B1E00F80E54 /* Controller */ = {
			isa = PBXGroup;
			children = (
				B9BAF76726F12B5400F80E54 /* BookListViewController.swift */,
				B9890B5326F3A4BC00CECF45 /* BookListPresenter.swift */,
			);
			path = Controller;
			sourceTree = "<group>";
		};
		B9BAF76B26F130B400F80E54 /* View */ = {
			isa = PBXGroup;
			children = (
				B9BAF76D26F130EE00F80E54 /* ListBookCell.swift */,
			);
			path = View;
			sourceTree = "<group>";
		};
		B9BAF76C26F130BF00F80E54 /* ListPage */ = {
			isa = PBXGroup;
			children = (
				B9BAF76526F12B1E00F80E54 /* Controller */,
				B9BAF76B26F130B400F80E54 /* View */,
			);
			path = ListPage;
			sourceTree = "<group>";
		};
		B9BAF77526F1387900F80E54 /* Book */ = {
			isa = PBXGroup;
			children = (
				B9BAF76126F1298000F80E54 /* Book.swift */,
				B9BAF76F26F1322000F80E54 /* BookProvider.swift */,
				B9BAF77126F1324C00F80E54 /* BookRequest.swift */,
			);
			path = Book;
			sourceTree = "<group>";
		};
/* End PBXGroup section */

/* Begin PBXNativeTarget section */
		B9BAF72326F120A800F80E54 /* NewYorkTimesList */ = {
			isa = PBXNativeTarget;
			buildConfigurationList = B9BAF74E26F120AB00F80E54 /* Build configuration list for PBXNativeTarget "NewYorkTimesList" */;
			buildPhases = (
				B9BAF72026F120A800F80E54 /* Sources */,
				B9BAF72126F120A800F80E54 /* Frameworks */,
				B9BAF72226F120A800F80E54 /* Resources */,
			);
			buildRules = (
			);
			dependencies = (
			);
			name = NewYorkTimesList;
			productName = NewYorkTimesList;
			productReference = B9BAF72426F120A800F80E54 /* NewYorkTimesList.app */;
			productType = "com.apple.product-type.application";
		};
		B9BAF73926F120AB00F80E54 /* NewYorkTimesListTests */ = {
			isa = PBXNativeTarget;
			buildConfigurationList = B9BAF75126F120AB00F80E54 /* Build configuration list for PBXNativeTarget "NewYorkTimesListTests" */;
			buildPhases = (
				B9BAF73626F120AB00F80E54 /* Sources */,
				B9BAF73726F120AB00F80E54 /* Frameworks */,
				B9BAF73826F120AB00F80E54 /* Resources */,
			);
			buildRules = (
			);
			dependencies = (
				B9BAF73C26F120AB00F80E54 /* PBXTargetDependency */,
			);
			name = NewYorkTimesListTests;
			productName = NewYorkTimesListTests;
			productReference = B9BAF73A26F120AB00F80E54 /* NewYorkTimesListTests.xctest */;
			productType = "com.apple.product-type.bundle.unit-test";
		};
		B9BAF74426F120AB00F80E54 /* NewYorkTimesListUITests */ = {
			isa = PBXNativeTarget;
			buildConfigurationList = B9BAF75426F120AB00F80E54 /* Build configuration list for PBXNativeTarget "NewYorkTimesListUITests" */;
			buildPhases = (
				B9BAF74126F120AB00F80E54 /* Sources */,
				B9BAF74226F120AB00F80E54 /* Frameworks */,
				B9BAF74326F120AB00F80E54 /* Resources */,
			);
			buildRules = (
			);
			dependencies = (
				B9BAF74726F120AB00F80E54 /* PBXTargetDependency */,
			);
			name = NewYorkTimesListUITests;
			productName = NewYorkTimesListUITests;
			productReference = B9BAF74526F120AB00F80E54 /* NewYorkTimesListUITests.xctest */;
			productType = "com.apple.product-type.bundle.ui-testing";
		};
/* End PBXNativeTarget section */

/* Begin PBXProject section */
		B9BAF71C26F120A800F80E54 /* Project object */ = {
			isa = PBXProject;
			attributes = {
				LastSwiftUpdateCheck = 1250;
				LastUpgradeCheck = 1250;
				TargetAttributes = {
					B9BAF72326F120A800F80E54 = {
						CreatedOnToolsVersion = 12.5;
					};
					B9BAF73926F120AB00F80E54 = {
						CreatedOnToolsVersion = 12.5;
						TestTargetID = B9BAF72326F120A800F80E54;
					};
					B9BAF74426F120AB00F80E54 = {
						CreatedOnToolsVersion = 12.5;
						TestTargetID = B9BAF72326F120A800F80E54;
					};
				};
			};
			buildConfigurationList = B9BAF71F26F120A800F80E54 /* Build configuration list for PBXProject "NewYorkTimesList" */;
			compatibilityVersion = "Xcode 9.3";
			developmentRegion = en;
			hasScannedForEncodings = 0;
			knownRegions = (
				en,
				Base,
			);
			mainGroup = B9BAF71B26F120A800F80E54;
			productRefGroup = B9BAF72526F120A800F80E54 /* Products */;
			projectDirPath = "";
			projectRoot = "";
			targets = (
				B9BAF72326F120A800F80E54 /* NewYorkTimesList */,
				B9BAF73926F120AB00F80E54 /* NewYorkTimesListTests */,
				B9BAF74426F120AB00F80E54 /* NewYorkTimesListUITests */,
			);
		};
/* End PBXProject section */

/* Begin PBXResourcesBuildPhase section */
		B9BAF72226F120A800F80E54 /* Resources */ = {
			isa = PBXResourcesBuildPhase;
			buildActionMask = 2147483647;
			files = (
				B9BAF73426F120AB00F80E54 /* LaunchScreen.storyboard in Resources */,
				B9BAF73126F120AB00F80E54 /* Assets.xcassets in Resources */,
				B9BAF76026F124E600F80E54 /* keys.plist in Resources */,
			);
			runOnlyForDeploymentPostprocessing = 0;
		};
		B9BAF73826F120AB00F80E54 /* Resources */ = {
			isa = PBXResourcesBuildPhase;
			buildActionMask = 2147483647;
			files = (
				B9890B7F26F77A9C00CECF45 /* Books.json in Resources */,
			);
			runOnlyForDeploymentPostprocessing = 0;
		};
		B9BAF74326F120AB00F80E54 /* Resources */ = {
			isa = PBXResourcesBuildPhase;
			buildActionMask = 2147483647;
			files = (
			);
			runOnlyForDeploymentPostprocessing = 0;
		};
/* End PBXResourcesBuildPhase section */

/* Begin PBXSourcesBuildPhase section */
		B9BAF72026F120A800F80E54 /* Sources */ = {
			isa = PBXSourcesBuildPhase;
			buildActionMask = 2147483647;
			files = (
				B9BAF76E26F130EE00F80E54 /* ListBookCell.swift in Sources */,
				B9BAF77026F1322000F80E54 /* BookProvider.swift in Sources */,
				B9890B7526F5C57D00CECF45 /* UIAlertAction+Ext.swift in Sources */,
				B9890B6E26F522F100CECF45 /* LoginManager.swift in Sources */,
				B9BAF75D26F122C400F80E54 /* Bundle+Ext.swift in Sources */,
				B9890B5426F3A4BC00CECF45 /* BookListPresenter.swift in Sources */,
				B9890B6726F51A4800CECF45 /* LoginViewController.swift in Sources */,
				B9890B6426F497C000CECF45 /* HTTPClientProtocol.swift in Sources */,
				B9BAF72826F120A800F80E54 /* AppDelegate.swift in Sources */,
				B9BAF76226F1298000F80E54 /* Book.swift in Sources */,
				B9890B5C26F3CC7600CECF45 /* BadgeView.swift in Sources */,
				B9BAF76426F12A9000F80E54 /* APIModel.swift in Sources */,
				B9890B6226F4979600CECF45 /* URLSessionProtocol.swift in Sources */,
				B9BAF76A26F12EEE00F80E54 /* TableView+Ext.swift in Sources */,
				B9BAF77426F1329700F80E54 /* APIContent.swift in Sources */,
				B9890B7026F52ADC00CECF45 /* UIViewController+Ext.swift in Sources */,
				B9890B6B26F51B6600CECF45 /* LoginPageViewModel.swift in Sources */,
				B9890B5A26F3C5EF00CECF45 /* TheTheme.swift in Sources */,
				B9BAF75A26F1228F00F80E54 /* HTTPClient.swift in Sources */,
				B9890B5826F3C5BB00CECF45 /* ShadowView.swift in Sources */,
				B9BAF77226F1324C00F80E54 /* BookRequest.swift in Sources */,
				B9890B6026F4926200CECF45 /* String+Ext.swift in Sources */,
				B9BAF76826F12B5400F80E54 /* BookListViewController.swift in Sources */,
				B9890B7726F744C400CECF45 /* SceneDelegate.swift in Sources */,
			);
			runOnlyForDeploymentPostprocessing = 0;
		};
		B9BAF73626F120AB00F80E54 /* Sources */ = {
			isa = PBXSourcesBuildPhase;
			buildActionMask = 2147483647;
			files = (
				B9890B8826F77AA800CECF45 /* MockURLSession.swift in Sources */,
				B9890B7C26F77A9300CECF45 /* HTTPClientTest.swift in Sources */,
				B9890B8A26F77AA800CECF45 /* MockHTTPRequest.swift in Sources */,
				B9BAF73F26F120AB00F80E54 /* NewYorkTimesListTests.swift in Sources */,
				B9890B8626F77AA800CECF45 /* HTTPTestClient.swift in Sources */,
				B9890B7B26F77A9300CECF45 /* BreedProviderTest.swift in Sources */,
				B9890B8926F77AA800CECF45 /* MockURLSessionDataTask.swift in Sources */,
			);
			runOnlyForDeploymentPostprocessing = 0;
		};
		B9BAF74126F120AB00F80E54 /* Sources */ = {
			isa = PBXSourcesBuildPhase;
			buildActionMask = 2147483647;
			files = (
				B9BAF74A26F120AB00F80E54 /* NewYorkTimesListUITests.swift in Sources */,
			);
			runOnlyForDeploymentPostprocessing = 0;
		};
/* End PBXSourcesBuildPhase section */

/* Begin PBXTargetDependency section */
		B9BAF73C26F120AB00F80E54 /* PBXTargetDependency */ = {
			isa = PBXTargetDependency;
			target = B9BAF72326F120A800F80E54 /* NewYorkTimesList */;
			targetProxy = B9BAF73B26F120AB00F80E54 /* PBXContainerItemProxy */;
		};
		B9BAF74726F120AB00F80E54 /* PBXTargetDependency */ = {
			isa = PBXTargetDependency;
			target = B9BAF72326F120A800F80E54 /* NewYorkTimesList */;
			targetProxy = B9BAF74626F120AB00F80E54 /* PBXContainerItemProxy */;
		};
/* End PBXTargetDependency section */

/* Begin PBXVariantGroup section */
		B9BAF73226F120AB00F80E54 /* LaunchScreen.storyboard */ = {
			isa = PBXVariantGroup;
			children = (
				B9BAF73326F120AB00F80E54 /* Base */,
			);
			name = LaunchScreen.storyboard;
			sourceTree = "<group>";
		};
/* End PBXVariantGroup section */

/* Begin XCBuildConfiguration section */
		B9BAF74C26F120AB00F80E54 /* Debug */ = {
			isa = XCBuildConfiguration;
			buildSettings = {
				ALWAYS_SEARCH_USER_PATHS = NO;
				CLANG_ANALYZER_NONNULL = YES;
				CLANG_ANALYZER_NUMBER_OBJECT_CONVERSION = YES_AGGRESSIVE;
				CLANG_CXX_LANGUAGE_STANDARD = "gnu++14";
				CLANG_CXX_LIBRARY = "libc++";
				CLANG_ENABLE_MODULES = YES;
				CLANG_ENABLE_OBJC_ARC = YES;
				CLANG_ENABLE_OBJC_WEAK = YES;
				CLANG_WARN_BLOCK_CAPTURE_AUTORELEASING = YES;
				CLANG_WARN_BOOL_CONVERSION = YES;
				CLANG_WARN_COMMA = YES;
				CLANG_WARN_CONSTANT_CONVERSION = YES;
				CLANG_WARN_DEPRECATED_OBJC_IMPLEMENTATIONS = YES;
				CLANG_WARN_DIRECT_OBJC_ISA_USAGE = YES_ERROR;
				CLANG_WARN_DOCUMENTATION_COMMENTS = YES;
				CLANG_WARN_EMPTY_BODY = YES;
				CLANG_WARN_ENUM_CONVERSION = YES;
				CLANG_WARN_INFINITE_RECURSION = YES;
				CLANG_WARN_INT_CONVERSION = YES;
				CLANG_WARN_NON_LITERAL_NULL_CONVERSION = YES;
				CLANG_WARN_OBJC_IMPLICIT_RETAIN_SELF = YES;
				CLANG_WARN_OBJC_LITERAL_CONVERSION = YES;
				CLANG_WARN_OBJC_ROOT_CLASS = YES_ERROR;
				CLANG_WARN_QUOTED_INCLUDE_IN_FRAMEWORK_HEADER = YES;
				CLANG_WARN_RANGE_LOOP_ANALYSIS = YES;
				CLANG_WARN_STRICT_PROTOTYPES = YES;
				CLANG_WARN_SUSPICIOUS_MOVE = YES;
				CLANG_WARN_UNGUARDED_AVAILABILITY = YES_AGGRESSIVE;
				CLANG_WARN_UNREACHABLE_CODE = YES;
				CLANG_WARN__DUPLICATE_METHOD_MATCH = YES;
				COPY_PHASE_STRIP = NO;
				DEBUG_INFORMATION_FORMAT = dwarf;
				ENABLE_STRICT_OBJC_MSGSEND = YES;
				ENABLE_TESTABILITY = YES;
				GCC_C_LANGUAGE_STANDARD = gnu11;
				GCC_DYNAMIC_NO_PIC = NO;
				GCC_NO_COMMON_BLOCKS = YES;
				GCC_OPTIMIZATION_LEVEL = 0;
				GCC_PREPROCESSOR_DEFINITIONS = (
					"DEBUG=1",
					"$(inherited)",
				);
				GCC_WARN_64_TO_32_BIT_CONVERSION = YES;
				GCC_WARN_ABOUT_RETURN_TYPE = YES_ERROR;
				GCC_WARN_UNDECLARED_SELECTOR = YES;
				GCC_WARN_UNINITIALIZED_AUTOS = YES_AGGRESSIVE;
				GCC_WARN_UNUSED_FUNCTION = YES;
				GCC_WARN_UNUSED_VARIABLE = YES;
				IPHONEOS_DEPLOYMENT_TARGET = 14.5;
				MTL_ENABLE_DEBUG_INFO = INCLUDE_SOURCE;
				MTL_FAST_MATH = YES;
				ONLY_ACTIVE_ARCH = YES;
				SDKROOT = iphoneos;
				SWIFT_ACTIVE_COMPILATION_CONDITIONS = DEBUG;
				SWIFT_OPTIMIZATION_LEVEL = "-Onone";
			};
			name = Debug;
		};
		B9BAF74D26F120AB00F80E54 /* Release */ = {
			isa = XCBuildConfiguration;
			buildSettings = {
				ALWAYS_SEARCH_USER_PATHS = NO;
				CLANG_ANALYZER_NONNULL = YES;
				CLANG_ANALYZER_NUMBER_OBJECT_CONVERSION = YES_AGGRESSIVE;
				CLANG_CXX_LANGUAGE_STANDARD = "gnu++14";
				CLANG_CXX_LIBRARY = "libc++";
				CLANG_ENABLE_MODULES = YES;
				CLANG_ENABLE_OBJC_ARC = YES;
				CLANG_ENABLE_OBJC_WEAK = YES;
				CLANG_WARN_BLOCK_CAPTURE_AUTORELEASING = YES;
				CLANG_WARN_BOOL_CONVERSION = YES;
				CLANG_WARN_COMMA = YES;
				CLANG_WARN_CONSTANT_CONVERSION = YES;
				CLANG_WARN_DEPRECATED_OBJC_IMPLEMENTATIONS = YES;
				CLANG_WARN_DIRECT_OBJC_ISA_USAGE = YES_ERROR;
				CLANG_WARN_DOCUMENTATION_COMMENTS = YES;
				CLANG_WARN_EMPTY_BODY = YES;
				CLANG_WARN_ENUM_CONVERSION = YES;
				CLANG_WARN_INFINITE_RECURSION = YES;
				CLANG_WARN_INT_CONVERSION = YES;
				CLANG_WARN_NON_LITERAL_NULL_CONVERSION = YES;
				CLANG_WARN_OBJC_IMPLICIT_RETAIN_SELF = YES;
				CLANG_WARN_OBJC_LITERAL_CONVERSION = YES;
				CLANG_WARN_OBJC_ROOT_CLASS = YES_ERROR;
				CLANG_WARN_QUOTED_INCLUDE_IN_FRAMEWORK_HEADER = YES;
				CLANG_WARN_RANGE_LOOP_ANALYSIS = YES;
				CLANG_WARN_STRICT_PROTOTYPES = YES;
				CLANG_WARN_SUSPICIOUS_MOVE = YES;
				CLANG_WARN_UNGUARDED_AVAILABILITY = YES_AGGRESSIVE;
				CLANG_WARN_UNREACHABLE_CODE = YES;
				CLANG_WARN__DUPLICATE_METHOD_MATCH = YES;
				COPY_PHASE_STRIP = NO;
				DEBUG_INFORMATION_FORMAT = "dwarf-with-dsym";
				ENABLE_NS_ASSERTIONS = NO;
				ENABLE_STRICT_OBJC_MSGSEND = YES;
				GCC_C_LANGUAGE_STANDARD = gnu11;
				GCC_NO_COMMON_BLOCKS = YES;
				GCC_WARN_64_TO_32_BIT_CONVERSION = YES;
				GCC_WARN_ABOUT_RETURN_TYPE = YES_ERROR;
				GCC_WARN_UNDECLARED_SELECTOR = YES;
				GCC_WARN_UNINITIALIZED_AUTOS = YES_AGGRESSIVE;
				GCC_WARN_UNUSED_FUNCTION = YES;
				GCC_WARN_UNUSED_VARIABLE = YES;
				IPHONEOS_DEPLOYMENT_TARGET = 14.5;
				MTL_ENABLE_DEBUG_INFO = NO;
				MTL_FAST_MATH = YES;
				SDKROOT = iphoneos;
				SWIFT_COMPILATION_MODE = wholemodule;
				SWIFT_OPTIMIZATION_LEVEL = "-O";
				VALIDATE_PRODUCT = YES;
			};
			name = Release;
		};
		B9BAF74F26F120AB00F80E54 /* Debug */ = {
			isa = XCBuildConfiguration;
			buildSettings = {
				ASSETCATALOG_COMPILER_APPICON_NAME = AppIcon;
				ASSETCATALOG_COMPILER_GLOBAL_ACCENT_COLOR_NAME = AccentColor;
				CODE_SIGN_STYLE = Automatic;
				DEVELOPMENT_TEAM = R66LF8J636;
				INFOPLIST_FILE = "NewYorkTimesList/Supporting Files/Info.plist";
				LD_RUNPATH_SEARCH_PATHS = (
					"$(inherited)",
					"@executable_path/Frameworks",
				);
				PRODUCT_BUNDLE_IDENTIFIER = com.Jacqueline.NewYorkTimesList;
				PRODUCT_NAME = "$(TARGET_NAME)";
				SWIFT_VERSION = 5.0;
				TARGETED_DEVICE_FAMILY = "1,2";
			};
			name = Debug;
		};
		B9BAF75026F120AB00F80E54 /* Release */ = {
			isa = XCBuildConfiguration;
			buildSettings = {
				ASSETCATALOG_COMPILER_APPICON_NAME = AppIcon;
				ASSETCATALOG_COMPILER_GLOBAL_ACCENT_COLOR_NAME = AccentColor;
				CODE_SIGN_STYLE = Automatic;
				DEVELOPMENT_TEAM = R66LF8J636;
				INFOPLIST_FILE = "NewYorkTimesList/Supporting Files/Info.plist";
				LD_RUNPATH_SEARCH_PATHS = (
					"$(inherited)",
					"@executable_path/Frameworks",
				);
				PRODUCT_BUNDLE_IDENTIFIER = com.Jacqueline.NewYorkTimesList;
				PRODUCT_NAME = "$(TARGET_NAME)";
				SWIFT_VERSION = 5.0;
				TARGETED_DEVICE_FAMILY = "1,2";
			};
			name = Release;
		};
		B9BAF75226F120AB00F80E54 /* Debug */ = {
			isa = XCBuildConfiguration;
			buildSettings = {
				ALWAYS_EMBED_SWIFT_STANDARD_LIBRARIES = YES;
				BUNDLE_LOADER = "$(TEST_HOST)";
				CODE_SIGN_STYLE = Automatic;
				DEVELOPMENT_TEAM = R66LF8J636;
				INFOPLIST_FILE = NewYorkTimesListTests/Info.plist;
				IPHONEOS_DEPLOYMENT_TARGET = 14.5;
				LD_RUNPATH_SEARCH_PATHS = (
					"$(inherited)",
					"@executable_path/Frameworks",
					"@loader_path/Frameworks",
				);
				PRODUCT_BUNDLE_IDENTIFIER = com.Jacqueline.NewYorkTimesListTests;
				PRODUCT_NAME = "$(TARGET_NAME)";
				SWIFT_VERSION = 5.0;
				TARGETED_DEVICE_FAMILY = "1,2";
				TEST_HOST = "$(BUILT_PRODUCTS_DIR)/NewYorkTimesList.app/NewYorkTimesList";
			};
			name = Debug;
		};
		B9BAF75326F120AB00F80E54 /* Release */ = {
			isa = XCBuildConfiguration;
			buildSettings = {
				ALWAYS_EMBED_SWIFT_STANDARD_LIBRARIES = YES;
				BUNDLE_LOADER = "$(TEST_HOST)";
				CODE_SIGN_STYLE = Automatic;
				DEVELOPMENT_TEAM = R66LF8J636;
				INFOPLIST_FILE = NewYorkTimesListTests/Info.plist;
				IPHONEOS_DEPLOYMENT_TARGET = 14.5;
				LD_RUNPATH_SEARCH_PATHS = (
					"$(inherited)",
					"@executable_path/Frameworks",
					"@loader_path/Frameworks",
				);
				PRODUCT_BUNDLE_IDENTIFIER = com.Jacqueline.NewYorkTimesListTests;
				PRODUCT_NAME = "$(TARGET_NAME)";
				SWIFT_VERSION = 5.0;
				TARGETED_DEVICE_FAMILY = "1,2";
				TEST_HOST = "$(BUILT_PRODUCTS_DIR)/NewYorkTimesList.app/NewYorkTimesList";
			};
			name = Release;
		};
		B9BAF75526F120AB00F80E54 /* Debug */ = {
			isa = XCBuildConfiguration;
			buildSettings = {
				ALWAYS_EMBED_SWIFT_STANDARD_LIBRARIES = YES;
				CODE_SIGN_STYLE = Automatic;
				DEVELOPMENT_TEAM = R66LF8J636;
				INFOPLIST_FILE = NewYorkTimesListUITests/Info.plist;
				LD_RUNPATH_SEARCH_PATHS = (
					"$(inherited)",
					"@executable_path/Frameworks",
					"@loader_path/Frameworks",
				);
				PRODUCT_BUNDLE_IDENTIFIER = com.Jacqueline.NewYorkTimesListUITests;
				PRODUCT_NAME = "$(TARGET_NAME)";
				SWIFT_VERSION = 5.0;
				TARGETED_DEVICE_FAMILY = "1,2";
				TEST_TARGET_NAME = NewYorkTimesList;
			};
			name = Debug;
		};
		B9BAF75626F120AB00F80E54 /* Release */ = {
			isa = XCBuildConfiguration;
			buildSettings = {
				ALWAYS_EMBED_SWIFT_STANDARD_LIBRARIES = YES;
				CODE_SIGN_STYLE = Automatic;
				DEVELOPMENT_TEAM = R66LF8J636;
				INFOPLIST_FILE = NewYorkTimesListUITests/Info.plist;
				LD_RUNPATH_SEARCH_PATHS = (
					"$(inherited)",
					"@executable_path/Frameworks",
					"@loader_path/Frameworks",
				);
				PRODUCT_BUNDLE_IDENTIFIER = com.Jacqueline.NewYorkTimesListUITests;
				PRODUCT_NAME = "$(TARGET_NAME)";
				SWIFT_VERSION = 5.0;
				TARGETED_DEVICE_FAMILY = "1,2";
				TEST_TARGET_NAME = NewYorkTimesList;
			};
			name = Release;
		};
/* End XCBuildConfiguration section */

/* Begin XCConfigurationList section */
		B9BAF71F26F120A800F80E54 /* Build configuration list for PBXProject "NewYorkTimesList" */ = {
			isa = XCConfigurationList;
			buildConfigurations = (
				B9BAF74C26F120AB00F80E54 /* Debug */,
				B9BAF74D26F120AB00F80E54 /* Release */,
			);
			defaultConfigurationIsVisible = 0;
			defaultConfigurationName = Release;
		};
		B9BAF74E26F120AB00F80E54 /* Build configuration list for PBXNativeTarget "NewYorkTimesList" */ = {
			isa = XCConfigurationList;
			buildConfigurations = (
				B9BAF74F26F120AB00F80E54 /* Debug */,
				B9BAF75026F120AB00F80E54 /* Release */,
			);
			defaultConfigurationIsVisible = 0;
			defaultConfigurationName = Release;
		};
		B9BAF75126F120AB00F80E54 /* Build configuration list for PBXNativeTarget "NewYorkTimesListTests" */ = {
			isa = XCConfigurationList;
			buildConfigurations = (
				B9BAF75226F120AB00F80E54 /* Debug */,
				B9BAF75326F120AB00F80E54 /* Release */,
			);
			defaultConfigurationIsVisible = 0;
			defaultConfigurationName = Release;
		};
		B9BAF75426F120AB00F80E54 /* Build configuration list for PBXNativeTarget "NewYorkTimesListUITests" */ = {
			isa = XCConfigurationList;
			buildConfigurations = (
				B9BAF75526F120AB00F80E54 /* Debug */,
				B9BAF75626F120AB00F80E54 /* Release */,
			);
			defaultConfigurationIsVisible = 0;
			defaultConfigurationName = Release;
		};
/* End XCConfigurationList section */
	};
	rootObject = B9BAF71C26F120A800F80E54 /* Project object */;
}
